
Microsoft Visual Studio Solution File, Format Version 12.00
# Visual Studio Version 17
VisualStudioVersion = 17.14.36310.24 d17.14
MinimumVisualStudioVersion = 10.0.40219.1
Project("{54A90642-561A-4BB1-A94E-469ADEE60C69}") = "spotify.client", "spotify.client\spotify.client.esproj", "{73624DE9-8CAF-EC6B-B611-C01B7617D1F2}"
EndProject
Project("{FAE04EC0-301F-11D3-BF4B-00C04F79EFBC}") = "Spotify.Server", "Spotify.Server\Spotify.Server.csproj", "{3D8B9958-1724-4857-9566-2B31A30A0358}"
EndProject
Global
	GlobalSection(SolutionConfigurationPlatforms) = preSolution
		Debug|Any CPU = Debug|Any CPU
		Release|Any CPU = Release|Any CPU
	EndGlobalSection
	GlobalSection(ProjectConfigurationPlatforms) = postSolution
		{73624DE9-8CAF-EC6B-B611-C01B7617D1F2}.Debug|Any CPU.ActiveCfg = Debug|Any CPU
		{73624DE9-8CAF-EC6B-B611-C01B7617D1F2}.Debug|Any CPU.Build.0 = Debug|Any CPU
		{73624DE9-8CAF-EC6B-B611-C01B7617D1F2}.Debug|Any CPU.Deploy.0 = Debug|Any CPU
		{73624DE9-8CAF-EC6B-B611-C01B7617D1F2}.Release|Any CPU.ActiveCfg = Release|Any CPU
		{73624DE9-8CAF-EC6B-B611-C01B7617D1F2}.Release|Any CPU.Build.0 = Release|Any CPU
		{73624DE9-8CAF-EC6B-B611-C01B7617D1F2}.Release|Any CPU.Deploy.0 = Release|Any CPU
		{3D8B9958-1724-4857-9566-2B31A30A0358}.Debug|Any CPU.ActiveCfg = Debug|Any CPU
		{3D8B9958-1724-4857-9566-2B31A30A0358}.Debug|Any CPU.Build.0 = Debug|Any CPU
		{3D8B9958-1724-4857-9566-2B31A30A0358}.Release|Any CPU.ActiveCfg = Release|Any CPU
		{3D8B9958-1724-4857-9566-2B31A30A0358}.Release|Any CPU.Build.0 = Release|Any CPU
	EndGlobalSection
	GlobalSection(SolutionProperties) = preSolution
		HideSolutionNode = FALSE
	EndGlobalSection
	GlobalSection(ExtensibilityGlobals) = postSolution
		SolutionGuid = {30D5B813-910B-4A8B-BC4D-34B963A99F96}
	EndGlobalSection
EndGlobal
